
Microsoft Visual Studio Solution File, Format Version 12.00
# Visual Studio 15
VisualStudioVersion = 15.0.28010.2036
MinimumVisualStudioVersion = 10.0.40219.1
Project("{FAE04EC0-301F-11D3-BF4B-00C04F79EFBC}") = "EncryptingandDecryptingMessages", "EncryptingandDecryptingMessages\EncryptingandDecryptingMessages.csproj", "{7C6F2ADE-34E2-49FB-B1EA-52EC0B8FA18B}"
EndProject
Global
	GlobalSection(SolutionConfigurationPlatforms) = preSolution
		Debug|Any CPU = Debug|Any CPU
		Release|Any CPU = Release|Any CPU
	EndGlobalSection
	GlobalSection(ProjectConfigurationPlatforms) = postSolution
		{7C6F2ADE-34E2-49FB-B1EA-52EC0B8FA18B}.Debug|Any CPU.ActiveCfg = Debug|Any CPU
		{7C6F2ADE-34E2-49FB-B1EA-52EC0B8FA18B}.Debug|Any CPU.Build.0 = Debug|Any CPU
		{7C6F2ADE-34E2-49FB-B1EA-52EC0B8FA18B}.Release|Any CPU.ActiveCfg = Release|Any CPU
		{7C6F2ADE-34E2-49FB-B1EA-52EC0B8FA18B}.Release|Any CPU.Build.0 = Release|Any CPU
	EndGlobalSection
	GlobalSection(SolutionProperties) = preSolution
		HideSolutionNode = FALSE
	EndGlobalSection
	GlobalSection(ExtensibilityGlobals) = postSolution
		SolutionGuid = {5797DB55-8559-44ED-B577-38C51D4B8F15}
	EndGlobalSection
EndGlobal
