
Microsoft Visual Studio Solution File, Format Version 12.00
# Visual Studio 15
VisualStudioVersion = 15.0.28010.2036
MinimumVisualStudioVersion = 10.0.40219.1
Project("{FAE04EC0-301F-11D3-BF4B-00C04F79EFBC}") = "SportsStore2", "SportsStore2\SportsStore2.csproj", "{97CD6373-FF76-444F-B123-9B54450D1B40}"
EndProject
Project("{FAE04EC0-301F-11D3-BF4B-00C04F79EFBC}") = "SportsStore2.Tests", "SportsStore2.Tests\SportsStore2.Tests.csproj", "{597C53AA-3A1C-4DD5-9A10-1515FE10F9CF}"
EndProject
Global
	GlobalSection(SolutionConfigurationPlatforms) = preSolution
		Debug|Any CPU = Debug|Any CPU
		Release|Any CPU = Release|Any CPU
	EndGlobalSection
	GlobalSection(ProjectConfigurationPlatforms) = postSolution
		{97CD6373-FF76-444F-B123-9B54450D1B40}.Debug|Any CPU.ActiveCfg = Debug|Any CPU
		{97CD6373-FF76-444F-B123-9B54450D1B40}.Debug|Any CPU.Build.0 = Debug|Any CPU
		{97CD6373-FF76-444F-B123-9B54450D1B40}.Release|Any CPU.ActiveCfg = Release|Any CPU
		{97CD6373-FF76-444F-B123-9B54450D1B40}.Release|Any CPU.Build.0 = Release|Any CPU
		{597C53AA-3A1C-4DD5-9A10-1515FE10F9CF}.Debug|Any CPU.ActiveCfg = Debug|Any CPU
		{597C53AA-3A1C-4DD5-9A10-1515FE10F9CF}.Debug|Any CPU.Build.0 = Debug|Any CPU
		{597C53AA-3A1C-4DD5-9A10-1515FE10F9CF}.Release|Any CPU.ActiveCfg = Release|Any CPU
		{597C53AA-3A1C-4DD5-9A10-1515FE10F9CF}.Release|Any CPU.Build.0 = Release|Any CPU
	EndGlobalSection
	GlobalSection(SolutionProperties) = preSolution
		HideSolutionNode = FALSE
	EndGlobalSection
	GlobalSection(ExtensibilityGlobals) = postSolution
		SolutionGuid = {36062C96-C427-4792-B2BC-CD3533A3026B}
	EndGlobalSection
EndGlobal
